<?xml version="1.0" encoding="utf-8"?>
<Project ToolsVersion="4.0" xmlns="http://schemas.microsoft.com/developer/msbuild/2003">
  <ItemGroup>
    <ClCompile Include="..\websphere\src\gmsec_websphere.cpp">
      <Filter>Source Files</Filter>
    </ClCompile>
    <ClCompile Include="..\websphere\src\WebSConnection.cpp">
      <Filter>Source Files</Filter>
    </ClCompile>
  </ItemGroup>
  <ItemGroup>
    <ClInclude Include="..\websphere\include\gmsec_websphere.h">
      <Filter>Header Files</Filter>
    </ClInclude>
    <ClInclude Include="..\websphere\include\WebSConnection.h">
      <Filter>Header Files</Filter>
    </ClInclude>
  </ItemGroup>
  <ItemGroup>
    <Filter Include="Header Files">
      <UniqueIdentifier>{cd205297-27b7-4493-9318-4aaa6e530c21}</UniqueIdentifier>
    </Filter>
    <Filter Include="Source Files">
      <UniqueIdentifier>{18ab4a35-66c3-41cc-a149-923cb0701362}</UniqueIdentifier>
    </Filter>
  </ItemGroup>
</Project>