<?xml version="1.0" encoding="utf-8"?>
<Project ToolsVersion="4.0" xmlns="http://schemas.microsoft.com/developer/msbuild/2003">
  <ItemGroup>
    <ClCompile Include="src\gmsecJNI_Cache.cpp">
      <Filter>Source Files</Filter>
    </ClCompile>
    <ClCompile Include="src\gmsecJNI_Callback.cpp">
      <Filter>Source Files</Filter>
    </ClCompile>
    <ClCompile Include="src\gmsecJNI_EventCallback.cpp">
      <Filter>Source Files</Filter>
    </ClCompile>
    <ClCompile Include="src\gmsecJNI_MessageValidator.cpp">
      <Filter>Source Files</Filter>
    </ClCompile>
    <ClCompile Include="src\gmsecJNI_ReplyCallback.cpp">
      <Filter>Source Files</Filter>
    </ClCompile>
    <ClCompile Include="src\gmsecJNI_Jenv.cpp">
      <Filter>Source Files</Filter>
    </ClCompile>
    <ClCompile Include="src\gmsecJNI_BinaryField.cpp">
      <Filter>Source Files</Filter>
    </ClCompile>
    <ClCompile Include="src\gmsecJNI_BooleanField.cpp">
      <Filter>Source Files</Filter>
    </ClCompile>
    <ClCompile Include="src\gmsecJNI_CharField.cpp">
      <Filter>Source Files</Filter>
    </ClCompile>
    <ClCompile Include="src\gmsecJNI_Config.cpp">
      <Filter>Source Files</Filter>
    </ClCompile>
    <ClCompile Include="src\gmsecJNI_ConfigFile.cpp">
      <Filter>Source Files</Filter>
    </ClCompile>
    <ClCompile Include="src\gmsecJNI_ConfigFileIterator.cpp">
      <Filter>Source Files</Filter>
    </ClCompile>
    <ClCompile Include="src\gmsecJNI_Connection.cpp">
      <Filter>Source Files</Filter>
    </ClCompile>
    <ClCompile Include="src\gmsecJNI_F32Field.cpp">
      <Filter>Source Files</Filter>
    </ClCompile>
    <ClCompile Include="src\gmsecJNI_F64Field.cpp">
      <Filter>Source Files</Filter>
    </ClCompile>
    <ClCompile Include="src\gmsecJNI_Field.cpp">
      <Filter>Source Files</Filter>
    </ClCompile>
    <ClCompile Include="src\gmsecJNI_HeartbeatGenerator.cpp">
      <Filter>Source Files</Filter>
    </ClCompile>
    <ClCompile Include="src\gmsecJNI_I8Field.cpp">
      <Filter>Source Files</Filter>
    </ClCompile>
    <ClCompile Include="src\gmsecJNI_I16Field.cpp">
      <Filter>Source Files</Filter>
    </ClCompile>
    <ClCompile Include="src\gmsecJNI_I32Field.cpp">
      <Filter>Source Files</Filter>
    </ClCompile>
    <ClCompile Include="src\gmsecJNI_I64Field.cpp">
      <Filter>Source Files</Filter>
    </ClCompile>
    <ClCompile Include="src\gmsecJNI_Init.cpp">
      <Filter>Source Files</Filter>
    </ClCompile>
    <ClCompile Include="src\gmsecJNI_Log.cpp">
      <Filter>Source Files</Filter>
    </ClCompile>
    <ClCompile Include="src\gmsecJNI_LogHandler.cpp">
      <Filter>Source Files</Filter>
    </ClCompile>
    <ClCompile Include="src\gmsecJNI_Message.cpp">
      <Filter>Source Files</Filter>
    </ClCompile>
    <ClCompile Include="src\gmsecJNI_MessageFactory.cpp">
      <Filter>Source Files</Filter>
    </ClCompile>
    <ClCompile Include="src\gmsecJNI_MessageFieldIterator.cpp">
      <Filter>Source Files</Filter>
    </ClCompile>
    <ClCompile Include="src\gmsecJNI_ResourceGenerator.cpp">
      <Filter>Source Files</Filter>
    </ClCompile>
    <ClCompile Include="src\gmsecJNI_SchemaIDIterator.cpp">
      <Filter>Source Files</Filter>
    </ClCompile>
    <ClCompile Include="src\gmsecJNI_Specification.cpp">
      <Filter>Source Files</Filter>
    </ClCompile>
    <ClCompile Include="src\gmsecJNI_Status.cpp">
      <Filter>Source Files</Filter>
    </ClCompile>
    <ClCompile Include="src\gmsecJNI_StringField.cpp">
      <Filter>Source Files</Filter>
    </ClCompile>
    <ClCompile Include="src\gmsecJNI_TimeSpec.cpp">
      <Filter>Source Files</Filter>
    </ClCompile>
    <ClCompile Include="src\gmsecJNI_TimeUtil.cpp">
      <Filter>Source Files</Filter>
    </ClCompile>
    <ClCompile Include="src\gmsecJNI_U8Field.cpp">
      <Filter>Source Files</Filter>
    </ClCompile>
    <ClCompile Include="src\gmsecJNI_U16Field.cpp">
      <Filter>Source Files</Filter>
    </ClCompile>
    <ClCompile Include="src\gmsecJNI_U32Field.cpp">
      <Filter>Source Files</Filter>
    </ClCompile>
    <ClCompile Include="src\gmsecJNI_U64Field.cpp">
      <Filter>Source Files</Filter>
    </ClCompile>
  </ItemGroup>
  <ItemGroup>
    <ClInclude Include="src\gmsecJNI_Cache.h">
      <Filter>Header Files</Filter>
    </ClInclude>
    <ClInclude Include="src\gmsecJNI_Callback.h">
      <Filter>Header Files</Filter>
    </ClInclude>
    <ClInclude Include="src\gmsecJNI_EventCallback.h">
      <Filter>Header Files</Filter>
    </ClInclude>
    <ClInclude Include="src\gmsecJNI_MessageValidator.h">
      <Filter>Header Files</Filter>
    </ClInclude>
    <ClInclude Include="src\gmsecJNI_ReplyCallback.h">
      <Filter>Header Files</Filter>
    </ClInclude>
    <ClInclude Include="src\gmsecJNI_Jenv.h">
      <Filter>Header Files</Filter>
    </ClInclude>
    <ClInclude Include="src\gov_nasa_gsfc_gmsec_api5_jni_gmsecJNI.h">
      <Filter>Header Files</Filter>
    </ClInclude>
    <ClInclude Include="src\gmsecJNI_LogHandler.h">
      <Filter>Header Files</Filter>
    </ClInclude>
  </ItemGroup>
  <ItemGroup>
    <Filter Include="Header Files">
      <UniqueIdentifier>{9308cf88-b037-46d9-9a89-49842fc59358}</UniqueIdentifier>
    </Filter>
    <Filter Include="Source Files">
      <UniqueIdentifier>{fa735d29-2900-43a7-a231-7082fb9b7b98}</UniqueIdentifier>
    </Filter>
  </ItemGroup>
</Project>