
Microsoft Visual Studio Solution File, Format Version 12.00
# Visual Studio Version 16
VisualStudioVersion = 16.0.32428.217
MinimumVisualStudioVersion = 10.0.40219.1
Project("{FAE04EC0-301F-11D3-BF4B-00C04F79EFBC}") = "custom_validation", "custom_validation\custom_validation.csproj", "{65B479E5-5BC0-4283-98F9-5E617062C768}"
EndProject
Project("{FAE04EC0-301F-11D3-BF4B-00C04F79EFBC}") = "heartbeat_generator", "heartbeat_generator\heartbeat_generator.csproj", "{7895AAB1-11B9-4218-95FD-78B5B255B110}"
EndProject
Project("{FAE04EC0-301F-11D3-BF4B-00C04F79EFBC}") = "message_bins", "message_bins\message_bins.csproj", "{B5F4A32E-3525-48CE-862D-BFD05C86A082}"
EndProject
Project("{FAE04EC0-301F-11D3-BF4B-00C04F79EFBC}") = "message_field_iterator", "message_field_iterator\message_field_iterator.csproj", "{E4C2CF49-ABA8-4FFF-99ED-4EF2F1AF7929}"
EndProject
Project("{FAE04EC0-301F-11D3-BF4B-00C04F79EFBC}") = "publish", "publish\publish.csproj", "{DC0CACC0-EE15-4091-B166-5CE8C314FFAE}"
EndProject
Project("{FAE04EC0-301F-11D3-BF4B-00C04F79EFBC}") = "reply", "reply\reply.csproj", "{1125E7F2-468F-41EA-8401-7D71637EFB87}"
EndProject
Project("{FAE04EC0-301F-11D3-BF4B-00C04F79EFBC}") = "reply_multi", "reply_multi\reply_multi.csproj", "{686BC1E0-CBEE-4515-9DA6-9EB86E6023C7}"
EndProject
Project("{FAE04EC0-301F-11D3-BF4B-00C04F79EFBC}") = "request", "request\request.csproj", "{12254C38-5536-488A-B394-5522DCFF8204}"
EndProject
Project("{FAE04EC0-301F-11D3-BF4B-00C04F79EFBC}") = "request_async", "request_async\request_async.csproj", "{D13F09BD-375E-4CDF-8221-0ACEF24ABD05}"
EndProject
Project("{FAE04EC0-301F-11D3-BF4B-00C04F79EFBC}") = "resource_generator", "resource_generator\resource_generator.csproj", "{2CF3F605-4861-46A0-BD4A-4ACFA9B774C9}"
EndProject
Project("{FAE04EC0-301F-11D3-BF4B-00C04F79EFBC}") = "specification_addendum", "specification_addendum\specification_addendum.csproj", "{F82728DD-BD74-41F6-BEC9-6E9E3F5EDDA4}"
EndProject
Project("{FAE04EC0-301F-11D3-BF4B-00C04F79EFBC}") = "publish_subject_filter", "subject_filtering\publish_subject_filter.csproj", "{5A9375D7-B80C-49C2-80A6-3D488A014DC1}"
EndProject
Project("{FAE04EC0-301F-11D3-BF4B-00C04F79EFBC}") = "subscribe_subject_filter", "subject_filtering\subscribe_subject_filter.csproj", "{F45787E2-D74A-4FB5-8B95-210FDE8EB852}"
EndProject
Project("{FAE04EC0-301F-11D3-BF4B-00C04F79EFBC}") = "subscribe", "subscribe\subscribe.csproj", "{48314F99-DC76-4069-A360-D21B79E61FCB}"
EndProject
Project("{FAE04EC0-301F-11D3-BF4B-00C04F79EFBC}") = "subscribe_async", "subscribe_async\subscribe_async.csproj", "{7C81E52B-4D3E-4065-8D28-CC0E4838C724}"
EndProject
Project("{FAE04EC0-301F-11D3-BF4B-00C04F79EFBC}") = "config_from_file", "config_from_file\config_from_file.csproj", "{8D05E69E-04B9-42BC-98CC-570474889FD8}"
EndProject
Project("{FAE04EC0-301F-11D3-BF4B-00C04F79EFBC}") = "config_file", "config_file\config_file.csproj", "{96837D12-7E08-41FB-805D-F4EEAA756BAE}"
EndProject
Project("{FAE04EC0-301F-11D3-BF4B-00C04F79EFBC}") = "reply_mq", "reply_mq\reply_mq.csproj", "{1866C666-0C04-47B1-887A-5A80A487E482}"
EndProject
Global
	GlobalSection(SolutionConfigurationPlatforms) = preSolution
		Debug|Any CPU = Debug|Any CPU
		Debug|x64 = Debug|x64
		Debug|x86 = Debug|x86
		Release|Any CPU = Release|Any CPU
		Release|x64 = Release|x64
		Release|x86 = Release|x86
	EndGlobalSection
	GlobalSection(ProjectConfigurationPlatforms) = postSolution
		{65B479E5-5BC0-4283-98F9-5E617062C768}.Debug|Any CPU.ActiveCfg = Debug|Any CPU
		{65B479E5-5BC0-4283-98F9-5E617062C768}.Debug|Any CPU.Build.0 = Debug|Any CPU
		{65B479E5-5BC0-4283-98F9-5E617062C768}.Debug|x64.ActiveCfg = Debug|x64
		{65B479E5-5BC0-4283-98F9-5E617062C768}.Debug|x64.Build.0 = Debug|x64
		{65B479E5-5BC0-4283-98F9-5E617062C768}.Debug|x86.ActiveCfg = Debug|x86
		{65B479E5-5BC0-4283-98F9-5E617062C768}.Debug|x86.Build.0 = Debug|x86
		{65B479E5-5BC0-4283-98F9-5E617062C768}.Release|Any CPU.ActiveCfg = Release|Any CPU
		{65B479E5-5BC0-4283-98F9-5E617062C768}.Release|Any CPU.Build.0 = Release|Any CPU
		{65B479E5-5BC0-4283-98F9-5E617062C768}.Release|x64.ActiveCfg = Release|x64
		{65B479E5-5BC0-4283-98F9-5E617062C768}.Release|x64.Build.0 = Release|x64
		{65B479E5-5BC0-4283-98F9-5E617062C768}.Release|x86.ActiveCfg = Release|x86
		{65B479E5-5BC0-4283-98F9-5E617062C768}.Release|x86.Build.0 = Release|x86
		{7895AAB1-11B9-4218-95FD-78B5B255B110}.Debug|Any CPU.ActiveCfg = Debug|Any CPU
		{7895AAB1-11B9-4218-95FD-78B5B255B110}.Debug|Any CPU.Build.0 = Debug|Any CPU
		{7895AAB1-11B9-4218-95FD-78B5B255B110}.Debug|x64.ActiveCfg = Debug|x64
		{7895AAB1-11B9-4218-95FD-78B5B255B110}.Debug|x64.Build.0 = Debug|x64
		{7895AAB1-11B9-4218-95FD-78B5B255B110}.Debug|x86.ActiveCfg = Debug|x86
		{7895AAB1-11B9-4218-95FD-78B5B255B110}.Debug|x86.Build.0 = Debug|x86
		{7895AAB1-11B9-4218-95FD-78B5B255B110}.Release|Any CPU.ActiveCfg = Release|Any CPU
		{7895AAB1-11B9-4218-95FD-78B5B255B110}.Release|Any CPU.Build.0 = Release|Any CPU
		{7895AAB1-11B9-4218-95FD-78B5B255B110}.Release|x64.ActiveCfg = Release|x64
		{7895AAB1-11B9-4218-95FD-78B5B255B110}.Release|x64.Build.0 = Release|x64
		{7895AAB1-11B9-4218-95FD-78B5B255B110}.Release|x86.ActiveCfg = Release|x86
		{7895AAB1-11B9-4218-95FD-78B5B255B110}.Release|x86.Build.0 = Release|x86
		{B5F4A32E-3525-48CE-862D-BFD05C86A082}.Debug|Any CPU.ActiveCfg = Debug|Any CPU
		{B5F4A32E-3525-48CE-862D-BFD05C86A082}.Debug|Any CPU.Build.0 = Debug|Any CPU
		{B5F4A32E-3525-48CE-862D-BFD05C86A082}.Debug|x64.ActiveCfg = Debug|x64
		{B5F4A32E-3525-48CE-862D-BFD05C86A082}.Debug|x64.Build.0 = Debug|x64
		{B5F4A32E-3525-48CE-862D-BFD05C86A082}.Debug|x86.ActiveCfg = Debug|x86
		{B5F4A32E-3525-48CE-862D-BFD05C86A082}.Debug|x86.Build.0 = Debug|x86
		{B5F4A32E-3525-48CE-862D-BFD05C86A082}.Release|Any CPU.ActiveCfg = Release|Any CPU
		{B5F4A32E-3525-48CE-862D-BFD05C86A082}.Release|Any CPU.Build.0 = Release|Any CPU
		{B5F4A32E-3525-48CE-862D-BFD05C86A082}.Release|x64.ActiveCfg = Release|x64
		{B5F4A32E-3525-48CE-862D-BFD05C86A082}.Release|x64.Build.0 = Release|x64
		{B5F4A32E-3525-48CE-862D-BFD05C86A082}.Release|x86.ActiveCfg = Release|x86
		{B5F4A32E-3525-48CE-862D-BFD05C86A082}.Release|x86.Build.0 = Release|x86
		{E4C2CF49-ABA8-4FFF-99ED-4EF2F1AF7929}.Debug|Any CPU.ActiveCfg = Debug|Any CPU
		{E4C2CF49-ABA8-4FFF-99ED-4EF2F1AF7929}.Debug|Any CPU.Build.0 = Debug|Any CPU
		{E4C2CF49-ABA8-4FFF-99ED-4EF2F1AF7929}.Debug|x64.ActiveCfg = Debug|x64
		{E4C2CF49-ABA8-4FFF-99ED-4EF2F1AF7929}.Debug|x64.Build.0 = Debug|x64
		{E4C2CF49-ABA8-4FFF-99ED-4EF2F1AF7929}.Debug|x86.ActiveCfg = Debug|x86
		{E4C2CF49-ABA8-4FFF-99ED-4EF2F1AF7929}.Debug|x86.Build.0 = Debug|x86
		{E4C2CF49-ABA8-4FFF-99ED-4EF2F1AF7929}.Release|Any CPU.ActiveCfg = Release|Any CPU
		{E4C2CF49-ABA8-4FFF-99ED-4EF2F1AF7929}.Release|Any CPU.Build.0 = Release|Any CPU
		{E4C2CF49-ABA8-4FFF-99ED-4EF2F1AF7929}.Release|x64.ActiveCfg = Release|x64
		{E4C2CF49-ABA8-4FFF-99ED-4EF2F1AF7929}.Release|x64.Build.0 = Release|x64
		{E4C2CF49-ABA8-4FFF-99ED-4EF2F1AF7929}.Release|x86.ActiveCfg = Release|x86
		{E4C2CF49-ABA8-4FFF-99ED-4EF2F1AF7929}.Release|x86.Build.0 = Release|x86
		{DC0CACC0-EE15-4091-B166-5CE8C314FFAE}.Debug|Any CPU.ActiveCfg = Debug|Any CPU
		{DC0CACC0-EE15-4091-B166-5CE8C314FFAE}.Debug|Any CPU.Build.0 = Debug|Any CPU
		{DC0CACC0-EE15-4091-B166-5CE8C314FFAE}.Debug|x64.ActiveCfg = Debug|x64
		{DC0CACC0-EE15-4091-B166-5CE8C314FFAE}.Debug|x64.Build.0 = Debug|x64
		{DC0CACC0-EE15-4091-B166-5CE8C314FFAE}.Debug|x86.ActiveCfg = Debug|x86
		{DC0CACC0-EE15-4091-B166-5CE8C314FFAE}.Debug|x86.Build.0 = Debug|x86
		{DC0CACC0-EE15-4091-B166-5CE8C314FFAE}.Release|Any CPU.ActiveCfg = Release|Any CPU
		{DC0CACC0-EE15-4091-B166-5CE8C314FFAE}.Release|Any CPU.Build.0 = Release|Any CPU
		{DC0CACC0-EE15-4091-B166-5CE8C314FFAE}.Release|x64.ActiveCfg = Release|x64
		{DC0CACC0-EE15-4091-B166-5CE8C314FFAE}.Release|x64.Build.0 = Release|x64
		{DC0CACC0-EE15-4091-B166-5CE8C314FFAE}.Release|x86.ActiveCfg = Release|x86
		{DC0CACC0-EE15-4091-B166-5CE8C314FFAE}.Release|x86.Build.0 = Release|x86
		{1125E7F2-468F-41EA-8401-7D71637EFB87}.Debug|Any CPU.ActiveCfg = Debug|Any CPU
		{1125E7F2-468F-41EA-8401-7D71637EFB87}.Debug|Any CPU.Build.0 = Debug|Any CPU
		{1125E7F2-468F-41EA-8401-7D71637EFB87}.Debug|x64.ActiveCfg = Debug|x64
		{1125E7F2-468F-41EA-8401-7D71637EFB87}.Debug|x64.Build.0 = Debug|x64
		{1125E7F2-468F-41EA-8401-7D71637EFB87}.Debug|x86.ActiveCfg = Debug|x86
		{1125E7F2-468F-41EA-8401-7D71637EFB87}.Debug|x86.Build.0 = Debug|x86
		{1125E7F2-468F-41EA-8401-7D71637EFB87}.Release|Any CPU.ActiveCfg = Release|Any CPU
		{1125E7F2-468F-41EA-8401-7D71637EFB87}.Release|Any CPU.Build.0 = Release|Any CPU
		{1125E7F2-468F-41EA-8401-7D71637EFB87}.Release|x64.ActiveCfg = Release|x64
		{1125E7F2-468F-41EA-8401-7D71637EFB87}.Release|x64.Build.0 = Release|x64
		{1125E7F2-468F-41EA-8401-7D71637EFB87}.Release|x86.ActiveCfg = Release|x86
		{1125E7F2-468F-41EA-8401-7D71637EFB87}.Release|x86.Build.0 = Release|x86
		{686BC1E0-CBEE-4515-9DA6-9EB86E6023C7}.Debug|Any CPU.ActiveCfg = Debug|Any CPU
		{686BC1E0-CBEE-4515-9DA6-9EB86E6023C7}.Debug|Any CPU.Build.0 = Debug|Any CPU
		{686BC1E0-CBEE-4515-9DA6-9EB86E6023C7}.Debug|x64.ActiveCfg = Debug|x64
		{686BC1E0-CBEE-4515-9DA6-9EB86E6023C7}.Debug|x64.Build.0 = Debug|x64
		{686BC1E0-CBEE-4515-9DA6-9EB86E6023C7}.Debug|x86.ActiveCfg = Debug|x86
		{686BC1E0-CBEE-4515-9DA6-9EB86E6023C7}.Debug|x86.Build.0 = Debug|x86
		{686BC1E0-CBEE-4515-9DA6-9EB86E6023C7}.Release|Any CPU.ActiveCfg = Release|Any CPU
		{686BC1E0-CBEE-4515-9DA6-9EB86E6023C7}.Release|Any CPU.Build.0 = Release|Any CPU
		{686BC1E0-CBEE-4515-9DA6-9EB86E6023C7}.Release|x64.ActiveCfg = Release|x64
		{686BC1E0-CBEE-4515-9DA6-9EB86E6023C7}.Release|x64.Build.0 = Release|x64
		{686BC1E0-CBEE-4515-9DA6-9EB86E6023C7}.Release|x86.ActiveCfg = Release|x86
		{686BC1E0-CBEE-4515-9DA6-9EB86E6023C7}.Release|x86.Build.0 = Release|x86
		{12254C38-5536-488A-B394-5522DCFF8204}.Debug|Any CPU.ActiveCfg = Debug|Any CPU
		{12254C38-5536-488A-B394-5522DCFF8204}.Debug|Any CPU.Build.0 = Debug|Any CPU
		{12254C38-5536-488A-B394-5522DCFF8204}.Debug|x64.ActiveCfg = Debug|x64
		{12254C38-5536-488A-B394-5522DCFF8204}.Debug|x64.Build.0 = Debug|x64
		{12254C38-5536-488A-B394-5522DCFF8204}.Debug|x86.ActiveCfg = Debug|x86
		{12254C38-5536-488A-B394-5522DCFF8204}.Debug|x86.Build.0 = Debug|x86
		{12254C38-5536-488A-B394-5522DCFF8204}.Release|Any CPU.ActiveCfg = Release|Any CPU
		{12254C38-5536-488A-B394-5522DCFF8204}.Release|Any CPU.Build.0 = Release|Any CPU
		{12254C38-5536-488A-B394-5522DCFF8204}.Release|x64.ActiveCfg = Release|x64
		{12254C38-5536-488A-B394-5522DCFF8204}.Release|x64.Build.0 = Release|x64
		{12254C38-5536-488A-B394-5522DCFF8204}.Release|x86.ActiveCfg = Release|x86
		{12254C38-5536-488A-B394-5522DCFF8204}.Release|x86.Build.0 = Release|x86
		{D13F09BD-375E-4CDF-8221-0ACEF24ABD05}.Debug|Any CPU.ActiveCfg = Debug|Any CPU
		{D13F09BD-375E-4CDF-8221-0ACEF24ABD05}.Debug|Any CPU.Build.0 = Debug|Any CPU
		{D13F09BD-375E-4CDF-8221-0ACEF24ABD05}.Debug|x64.ActiveCfg = Debug|x64
		{D13F09BD-375E-4CDF-8221-0ACEF24ABD05}.Debug|x64.Build.0 = Debug|x64
		{D13F09BD-375E-4CDF-8221-0ACEF24ABD05}.Debug|x86.ActiveCfg = Debug|x86
		{D13F09BD-375E-4CDF-8221-0ACEF24ABD05}.Debug|x86.Build.0 = Debug|x86
		{D13F09BD-375E-4CDF-8221-0ACEF24ABD05}.Release|Any CPU.ActiveCfg = Release|Any CPU
		{D13F09BD-375E-4CDF-8221-0ACEF24ABD05}.Release|Any CPU.Build.0 = Release|Any CPU
		{D13F09BD-375E-4CDF-8221-0ACEF24ABD05}.Release|x64.ActiveCfg = Release|x64
		{D13F09BD-375E-4CDF-8221-0ACEF24ABD05}.Release|x64.Build.0 = Release|x64
		{D13F09BD-375E-4CDF-8221-0ACEF24ABD05}.Release|x86.ActiveCfg = Release|x86
		{D13F09BD-375E-4CDF-8221-0ACEF24ABD05}.Release|x86.Build.0 = Release|x86
		{2CF3F605-4861-46A0-BD4A-4ACFA9B774C9}.Debug|Any CPU.ActiveCfg = Debug|Any CPU
		{2CF3F605-4861-46A0-BD4A-4ACFA9B774C9}.Debug|Any CPU.Build.0 = Debug|Any CPU
		{2CF3F605-4861-46A0-BD4A-4ACFA9B774C9}.Debug|x64.ActiveCfg = Debug|x64
		{2CF3F605-4861-46A0-BD4A-4ACFA9B774C9}.Debug|x64.Build.0 = Debug|x64
		{2CF3F605-4861-46A0-BD4A-4ACFA9B774C9}.Debug|x86.ActiveCfg = Debug|x86
		{2CF3F605-4861-46A0-BD4A-4ACFA9B774C9}.Debug|x86.Build.0 = Debug|x86
		{2CF3F605-4861-46A0-BD4A-4ACFA9B774C9}.Release|Any CPU.ActiveCfg = Release|Any CPU
		{2CF3F605-4861-46A0-BD4A-4ACFA9B774C9}.Release|Any CPU.Build.0 = Release|Any CPU
		{2CF3F605-4861-46A0-BD4A-4ACFA9B774C9}.Release|x64.ActiveCfg = Release|x64
		{2CF3F605-4861-46A0-BD4A-4ACFA9B774C9}.Release|x64.Build.0 = Release|x64
		{2CF3F605-4861-46A0-BD4A-4ACFA9B774C9}.Release|x86.ActiveCfg = Release|x86
		{2CF3F605-4861-46A0-BD4A-4ACFA9B774C9}.Release|x86.Build.0 = Release|x86
		{F82728DD-BD74-41F6-BEC9-6E9E3F5EDDA4}.Debug|Any CPU.ActiveCfg = Debug|Any CPU
		{F82728DD-BD74-41F6-BEC9-6E9E3F5EDDA4}.Debug|Any CPU.Build.0 = Debug|Any CPU
		{F82728DD-BD74-41F6-BEC9-6E9E3F5EDDA4}.Debug|x64.ActiveCfg = Debug|x64
		{F82728DD-BD74-41F6-BEC9-6E9E3F5EDDA4}.Debug|x64.Build.0 = Debug|x64
		{F82728DD-BD74-41F6-BEC9-6E9E3F5EDDA4}.Debug|x86.ActiveCfg = Debug|x86
		{F82728DD-BD74-41F6-BEC9-6E9E3F5EDDA4}.Debug|x86.Build.0 = Debug|x86
		{F82728DD-BD74-41F6-BEC9-6E9E3F5EDDA4}.Release|Any CPU.ActiveCfg = Release|Any CPU
		{F82728DD-BD74-41F6-BEC9-6E9E3F5EDDA4}.Release|Any CPU.Build.0 = Release|Any CPU
		{F82728DD-BD74-41F6-BEC9-6E9E3F5EDDA4}.Release|x64.ActiveCfg = Release|x64
		{F82728DD-BD74-41F6-BEC9-6E9E3F5EDDA4}.Release|x64.Build.0 = Release|x64
		{F82728DD-BD74-41F6-BEC9-6E9E3F5EDDA4}.Release|x86.ActiveCfg = Release|x86
		{F82728DD-BD74-41F6-BEC9-6E9E3F5EDDA4}.Release|x86.Build.0 = Release|x86
		{5A9375D7-B80C-49C2-80A6-3D488A014DC1}.Debug|Any CPU.ActiveCfg = Debug|Any CPU
		{5A9375D7-B80C-49C2-80A6-3D488A014DC1}.Debug|Any CPU.Build.0 = Debug|Any CPU
		{5A9375D7-B80C-49C2-80A6-3D488A014DC1}.Debug|x64.ActiveCfg = Debug|x64
		{5A9375D7-B80C-49C2-80A6-3D488A014DC1}.Debug|x64.Build.0 = Debug|x64
		{5A9375D7-B80C-49C2-80A6-3D488A014DC1}.Debug|x86.ActiveCfg = Debug|x86
		{5A9375D7-B80C-49C2-80A6-3D488A014DC1}.Debug|x86.Build.0 = Debug|x86
		{5A9375D7-B80C-49C2-80A6-3D488A014DC1}.Release|Any CPU.ActiveCfg = Release|Any CPU
		{5A9375D7-B80C-49C2-80A6-3D488A014DC1}.Release|Any CPU.Build.0 = Release|Any CPU
		{5A9375D7-B80C-49C2-80A6-3D488A014DC1}.Release|x64.ActiveCfg = Release|x64
		{5A9375D7-B80C-49C2-80A6-3D488A014DC1}.Release|x64.Build.0 = Release|x64
		{5A9375D7-B80C-49C2-80A6-3D488A014DC1}.Release|x86.ActiveCfg = Release|x86
		{5A9375D7-B80C-49C2-80A6-3D488A014DC1}.Release|x86.Build.0 = Release|x86
		{F45787E2-D74A-4FB5-8B95-210FDE8EB852}.Debug|Any CPU.ActiveCfg = Debug|Any CPU
		{F45787E2-D74A-4FB5-8B95-210FDE8EB852}.Debug|Any CPU.Build.0 = Debug|Any CPU
		{F45787E2-D74A-4FB5-8B95-210FDE8EB852}.Debug|x64.ActiveCfg = Debug|x64
		{F45787E2-D74A-4FB5-8B95-210FDE8EB852}.Debug|x64.Build.0 = Debug|x64
		{F45787E2-D74A-4FB5-8B95-210FDE8EB852}.Debug|x86.ActiveCfg = Debug|x86
		{F45787E2-D74A-4FB5-8B95-210FDE8EB852}.Debug|x86.Build.0 = Debug|x86
		{F45787E2-D74A-4FB5-8B95-210FDE8EB852}.Release|Any CPU.ActiveCfg = Release|Any CPU
		{F45787E2-D74A-4FB5-8B95-210FDE8EB852}.Release|Any CPU.Build.0 = Release|Any CPU
		{F45787E2-D74A-4FB5-8B95-210FDE8EB852}.Release|x64.ActiveCfg = Release|x64
		{F45787E2-D74A-4FB5-8B95-210FDE8EB852}.Release|x64.Build.0 = Release|x64
		{F45787E2-D74A-4FB5-8B95-210FDE8EB852}.Release|x86.ActiveCfg = Release|x86
		{F45787E2-D74A-4FB5-8B95-210FDE8EB852}.Release|x86.Build.0 = Release|x86
		{48314F99-DC76-4069-A360-D21B79E61FCB}.Debug|Any CPU.ActiveCfg = Debug|Any CPU
		{48314F99-DC76-4069-A360-D21B79E61FCB}.Debug|Any CPU.Build.0 = Debug|Any CPU
		{48314F99-DC76-4069-A360-D21B79E61FCB}.Debug|x64.ActiveCfg = Debug|x64
		{48314F99-DC76-4069-A360-D21B79E61FCB}.Debug|x64.Build.0 = Debug|x64
		{48314F99-DC76-4069-A360-D21B79E61FCB}.Debug|x86.ActiveCfg = Debug|x86
		{48314F99-DC76-4069-A360-D21B79E61FCB}.Debug|x86.Build.0 = Debug|x86
		{48314F99-DC76-4069-A360-D21B79E61FCB}.Release|Any CPU.ActiveCfg = Release|Any CPU
		{48314F99-DC76-4069-A360-D21B79E61FCB}.Release|Any CPU.Build.0 = Release|Any CPU
		{48314F99-DC76-4069-A360-D21B79E61FCB}.Release|x64.ActiveCfg = Release|x64
		{48314F99-DC76-4069-A360-D21B79E61FCB}.Release|x64.Build.0 = Release|x64
		{48314F99-DC76-4069-A360-D21B79E61FCB}.Release|x86.ActiveCfg = Release|x86
		{48314F99-DC76-4069-A360-D21B79E61FCB}.Release|x86.Build.0 = Release|x86
		{7C81E52B-4D3E-4065-8D28-CC0E4838C724}.Debug|Any CPU.ActiveCfg = Debug|Any CPU
		{7C81E52B-4D3E-4065-8D28-CC0E4838C724}.Debug|Any CPU.Build.0 = Debug|Any CPU
		{7C81E52B-4D3E-4065-8D28-CC0E4838C724}.Debug|x64.ActiveCfg = Debug|x64
		{7C81E52B-4D3E-4065-8D28-CC0E4838C724}.Debug|x64.Build.0 = Debug|x64
		{7C81E52B-4D3E-4065-8D28-CC0E4838C724}.Debug|x86.ActiveCfg = Debug|x86
		{7C81E52B-4D3E-4065-8D28-CC0E4838C724}.Debug|x86.Build.0 = Debug|x86
		{7C81E52B-4D3E-4065-8D28-CC0E4838C724}.Release|Any CPU.ActiveCfg = Release|Any CPU
		{7C81E52B-4D3E-4065-8D28-CC0E4838C724}.Release|Any CPU.Build.0 = Release|Any CPU
		{7C81E52B-4D3E-4065-8D28-CC0E4838C724}.Release|x64.ActiveCfg = Release|x64
		{7C81E52B-4D3E-4065-8D28-CC0E4838C724}.Release|x64.Build.0 = Release|x64
		{7C81E52B-4D3E-4065-8D28-CC0E4838C724}.Release|x86.ActiveCfg = Release|x86
		{7C81E52B-4D3E-4065-8D28-CC0E4838C724}.Release|x86.Build.0 = Release|x86
		{8D05E69E-04B9-42BC-98CC-570474889FD8}.Debug|Any CPU.ActiveCfg = Debug|Any CPU
		{8D05E69E-04B9-42BC-98CC-570474889FD8}.Debug|Any CPU.Build.0 = Debug|Any CPU
		{8D05E69E-04B9-42BC-98CC-570474889FD8}.Debug|x64.ActiveCfg = Debug|x64
		{8D05E69E-04B9-42BC-98CC-570474889FD8}.Debug|x64.Build.0 = Debug|x64
		{8D05E69E-04B9-42BC-98CC-570474889FD8}.Debug|x86.ActiveCfg = Debug|x86
		{8D05E69E-04B9-42BC-98CC-570474889FD8}.Debug|x86.Build.0 = Debug|x86
		{8D05E69E-04B9-42BC-98CC-570474889FD8}.Release|Any CPU.ActiveCfg = Release|Any CPU
		{8D05E69E-04B9-42BC-98CC-570474889FD8}.Release|Any CPU.Build.0 = Release|Any CPU
		{8D05E69E-04B9-42BC-98CC-570474889FD8}.Release|x64.ActiveCfg = Release|x64
		{8D05E69E-04B9-42BC-98CC-570474889FD8}.Release|x64.Build.0 = Release|x64
		{8D05E69E-04B9-42BC-98CC-570474889FD8}.Release|x86.ActiveCfg = Release|x86
		{8D05E69E-04B9-42BC-98CC-570474889FD8}.Release|x86.Build.0 = Release|x86
		{96837D12-7E08-41FB-805D-F4EEAA756BAE}.Debug|Any CPU.ActiveCfg = Debug|Any CPU
		{96837D12-7E08-41FB-805D-F4EEAA756BAE}.Debug|Any CPU.Build.0 = Debug|Any CPU
		{96837D12-7E08-41FB-805D-F4EEAA756BAE}.Debug|x64.ActiveCfg = Debug|x64
		{96837D12-7E08-41FB-805D-F4EEAA756BAE}.Debug|x64.Build.0 = Debug|x64
		{96837D12-7E08-41FB-805D-F4EEAA756BAE}.Debug|x86.ActiveCfg = Debug|x86
		{96837D12-7E08-41FB-805D-F4EEAA756BAE}.Debug|x86.Build.0 = Debug|x86
		{96837D12-7E08-41FB-805D-F4EEAA756BAE}.Release|Any CPU.ActiveCfg = Release|Any CPU
		{96837D12-7E08-41FB-805D-F4EEAA756BAE}.Release|Any CPU.Build.0 = Release|Any CPU
		{96837D12-7E08-41FB-805D-F4EEAA756BAE}.Release|x64.ActiveCfg = Release|x64
		{96837D12-7E08-41FB-805D-F4EEAA756BAE}.Release|x64.Build.0 = Release|x64
		{96837D12-7E08-41FB-805D-F4EEAA756BAE}.Release|x86.ActiveCfg = Release|x86
		{96837D12-7E08-41FB-805D-F4EEAA756BAE}.Release|x86.Build.0 = Release|x86
		{1866C666-0C04-47B1-887A-5A80A487E482}.Debug|Any CPU.ActiveCfg = Debug|Any CPU
		{1866C666-0C04-47B1-887A-5A80A487E482}.Debug|Any CPU.Build.0 = Debug|Any CPU
		{1866C666-0C04-47B1-887A-5A80A487E482}.Debug|x64.ActiveCfg = Debug|x64
		{1866C666-0C04-47B1-887A-5A80A487E482}.Debug|x64.Build.0 = Debug|x64
		{1866C666-0C04-47B1-887A-5A80A487E482}.Debug|x86.ActiveCfg = Debug|x86
		{1866C666-0C04-47B1-887A-5A80A487E482}.Debug|x86.Build.0 = Debug|x86
		{1866C666-0C04-47B1-887A-5A80A487E482}.Release|Any CPU.ActiveCfg = Release|Any CPU
		{1866C666-0C04-47B1-887A-5A80A487E482}.Release|Any CPU.Build.0 = Release|Any CPU
		{1866C666-0C04-47B1-887A-5A80A487E482}.Release|x64.ActiveCfg = Release|x64
		{1866C666-0C04-47B1-887A-5A80A487E482}.Release|x64.Build.0 = Release|x64
		{1866C666-0C04-47B1-887A-5A80A487E482}.Release|x86.ActiveCfg = Release|x86
		{1866C666-0C04-47B1-887A-5A80A487E482}.Release|x86.Build.0 = Release|x86
	EndGlobalSection
	GlobalSection(SolutionProperties) = preSolution
		HideSolutionNode = FALSE
	EndGlobalSection
	GlobalSection(ExtensibilityGlobals) = postSolution
		SolutionGuid = {EFD91EFC-77F0-439A-9EC1-EAAC337B739D}
	EndGlobalSection
EndGlobal
