
Microsoft Visual Studio Solution File, Format Version 12.00
# Visual Studio 15
VisualStudioVersion = 15.0.27428.2037
MinimumVisualStudioVersion = 10.0.40219.1
Project("{FAE04EC0-301F-11D3-BF4B-00C04F79EFBC}") = "configfile", "configfile\configfile.csproj", "{8144761F-72C1-4811-B2B6-4E96CA8A9DD4}"
EndProject
Project("{FAE04EC0-301F-11D3-BF4B-00C04F79EFBC}") = "connection_state", "connection_state\connection_state.csproj", "{A8C676AA-E94D-4B1C-B731-42A63ED50A24}"
EndProject
Project("{FAE04EC0-301F-11D3-BF4B-00C04F79EFBC}") = "device_message", "device_message\device_message.csproj", "{D989BE41-E711-421A-AA55-ABC1467437B3}"
EndProject
Project("{FAE04EC0-301F-11D3-BF4B-00C04F79EFBC}") = "heartbeat_service", "heartbeat_service\heartbeat_service.csproj", "{1B03E42C-7FAD-454A-99D1-0C98D9DA0122}"
EndProject
Project("{FAE04EC0-301F-11D3-BF4B-00C04F79EFBC}") = "log_message", "log_message\log_message.csproj", "{A9B03CA4-6CD2-47D2-8FD1-DBF5999D8DC1}"
EndProject
Project("{FAE04EC0-301F-11D3-BF4B-00C04F79EFBC}") = "message_bins", "message_bins\message_bins.csproj", "{6ADF9177-3DD7-46E8-8DF6-8BA19F2899EA}"
EndProject
Project("{FAE04EC0-301F-11D3-BF4B-00C04F79EFBC}") = "message_field_iterator", "message_field_iterator\message_field_iterator.csproj", "{34667191-786B-4D7D-A786-32C988A07950}"
EndProject
Project("{FAE04EC0-301F-11D3-BF4B-00C04F79EFBC}") = "mnemonic_message", "mnemonic_message\mnemonic_message.csproj", "{22EA8F8E-8EA4-40EB-83C8-0FE6210A93C7}"
EndProject
Project("{FAE04EC0-301F-11D3-BF4B-00C04F79EFBC}") = "msg_field_container", "msg_field_container\msg_field_container.csproj", "{0435F432-D80A-46B2-86D4-C007CFB2AA9E}"
EndProject
Project("{FAE04EC0-301F-11D3-BF4B-00C04F79EFBC}") = "product_message", "product_message\product_message.csproj", "{76776586-E770-404D-B10C-43114481BF63}"
EndProject
Project("{FAE04EC0-301F-11D3-BF4B-00C04F79EFBC}") = "publish", "publish\publish.csproj", "{BC5663F4-C6A6-440E-94BD-E4922D96E8CF}"
EndProject
Project("{FAE04EC0-301F-11D3-BF4B-00C04F79EFBC}") = "reply", "reply\reply.csproj", "{19814D03-E398-48ED-B78D-6C94AE1775E7}"
EndProject
Project("{FAE04EC0-301F-11D3-BF4B-00C04F79EFBC}") = "reply_async", "reply_async\reply_async.csproj", "{4519B05A-9DCC-4F30-BAC2-2112A87BB1D6}"
EndProject
Project("{FAE04EC0-301F-11D3-BF4B-00C04F79EFBC}") = "request", "request\request.csproj", "{63AF8AEE-2B0A-400D-9887-E3BACF66044D}"
EndProject
Project("{FAE04EC0-301F-11D3-BF4B-00C04F79EFBC}") = "request_async", "request_async\request_async.csproj", "{6216FB96-1E9B-43E3-96A3-00EDDB05A0CF}"
EndProject
Project("{FAE04EC0-301F-11D3-BF4B-00C04F79EFBC}") = "resource_service", "resource_service\resource_service.csproj", "{604CBA3A-1B2F-4291-863D-73BDC7682EFC}"
EndProject
Project("{FAE04EC0-301F-11D3-BF4B-00C04F79EFBC}") = "publish_subject_filter", "subject_filtering\publish_subject_filter.csproj", "{23F57B99-C6A4-48B1-98E7-2D365D507CC0}"
EndProject
Project("{FAE04EC0-301F-11D3-BF4B-00C04F79EFBC}") = "subscribe_subject_filter", "subject_filtering\subscribe_subject_filter.csproj", "{7EE11A19-3F1B-413A-89F0-10CFFDA73FD2}"
EndProject
Project("{FAE04EC0-301F-11D3-BF4B-00C04F79EFBC}") = "subscribe", "subscribe\subscribe.csproj", "{A308C00F-59FA-46CC-98AA-B04A7CC2E92E}"
EndProject
Project("{FAE04EC0-301F-11D3-BF4B-00C04F79EFBC}") = "subscribe_async", "subscribe_async\subscribe_async.csproj", "{5D1D9F66-1187-41EB-BEC9-1A22E9628E34}"
EndProject
Project("{FAE04EC0-301F-11D3-BF4B-00C04F79EFBC}") = "validation_addendum", "validation_addendum\validation_addendum.csproj", "{57720099-12D2-4490-8DC5-20E2E0BBF1E4}"
EndProject
Project("{FAE04EC0-301F-11D3-BF4B-00C04F79EFBC}") = "validation_custom", "validation_custom\validation_custom.csproj", "{B2356D29-2CC4-47BB-8335-0A1EB651D7AD}"
EndProject
Project("{FAE04EC0-301F-11D3-BF4B-00C04F79EFBC}") = "websphere_publish_async", "websphere_publish_async\websphere_publish_async.csproj", "{FDF5FB5C-17A7-4257-BE79-95D0B34F2F52}"
EndProject
Project("{FAE04EC0-301F-11D3-BF4B-00C04F79EFBC}") = "heartbeat_generator", "heartbeat_generator\heartbeat_generator.csproj", "{2C8D4AB4-0F71-4A19-89EA-82B310DDB338}"
EndProject
Project("{FAE04EC0-301F-11D3-BF4B-00C04F79EFBC}") = "logging", "logging\logging.csproj", "{72DDA514-50C0-45CF-A2C0-223896F4EF5B}"
EndProject
Global
	GlobalSection(SolutionConfigurationPlatforms) = preSolution
		Debug|Any CPU = Debug|Any CPU
		Release|Any CPU = Release|Any CPU
	EndGlobalSection
	GlobalSection(ProjectConfigurationPlatforms) = postSolution
		{8144761F-72C1-4811-B2B6-4E96CA8A9DD4}.Debug|Any CPU.ActiveCfg = Debug|Any CPU
		{8144761F-72C1-4811-B2B6-4E96CA8A9DD4}.Debug|Any CPU.Build.0 = Debug|Any CPU
		{8144761F-72C1-4811-B2B6-4E96CA8A9DD4}.Release|Any CPU.ActiveCfg = Release|Any CPU
		{8144761F-72C1-4811-B2B6-4E96CA8A9DD4}.Release|Any CPU.Build.0 = Release|Any CPU
		{A8C676AA-E94D-4B1C-B731-42A63ED50A24}.Debug|Any CPU.ActiveCfg = Debug|Any CPU
		{A8C676AA-E94D-4B1C-B731-42A63ED50A24}.Debug|Any CPU.Build.0 = Debug|Any CPU
		{A8C676AA-E94D-4B1C-B731-42A63ED50A24}.Release|Any CPU.ActiveCfg = Release|Any CPU
		{A8C676AA-E94D-4B1C-B731-42A63ED50A24}.Release|Any CPU.Build.0 = Release|Any CPU
		{D989BE41-E711-421A-AA55-ABC1467437B3}.Debug|Any CPU.ActiveCfg = Debug|Any CPU
		{D989BE41-E711-421A-AA55-ABC1467437B3}.Debug|Any CPU.Build.0 = Debug|Any CPU
		{D989BE41-E711-421A-AA55-ABC1467437B3}.Release|Any CPU.ActiveCfg = Release|Any CPU
		{D989BE41-E711-421A-AA55-ABC1467437B3}.Release|Any CPU.Build.0 = Release|Any CPU
		{1B03E42C-7FAD-454A-99D1-0C98D9DA0122}.Debug|Any CPU.ActiveCfg = Debug|Any CPU
		{1B03E42C-7FAD-454A-99D1-0C98D9DA0122}.Debug|Any CPU.Build.0 = Debug|Any CPU
		{1B03E42C-7FAD-454A-99D1-0C98D9DA0122}.Release|Any CPU.ActiveCfg = Release|Any CPU
		{1B03E42C-7FAD-454A-99D1-0C98D9DA0122}.Release|Any CPU.Build.0 = Release|Any CPU
		{A9B03CA4-6CD2-47D2-8FD1-DBF5999D8DC1}.Debug|Any CPU.ActiveCfg = Debug|Any CPU
		{A9B03CA4-6CD2-47D2-8FD1-DBF5999D8DC1}.Debug|Any CPU.Build.0 = Debug|Any CPU
		{A9B03CA4-6CD2-47D2-8FD1-DBF5999D8DC1}.Release|Any CPU.ActiveCfg = Release|Any CPU
		{A9B03CA4-6CD2-47D2-8FD1-DBF5999D8DC1}.Release|Any CPU.Build.0 = Release|Any CPU
		{6ADF9177-3DD7-46E8-8DF6-8BA19F2899EA}.Debug|Any CPU.ActiveCfg = Debug|Any CPU
		{6ADF9177-3DD7-46E8-8DF6-8BA19F2899EA}.Debug|Any CPU.Build.0 = Debug|Any CPU
		{6ADF9177-3DD7-46E8-8DF6-8BA19F2899EA}.Release|Any CPU.ActiveCfg = Release|Any CPU
		{6ADF9177-3DD7-46E8-8DF6-8BA19F2899EA}.Release|Any CPU.Build.0 = Release|Any CPU
		{34667191-786B-4D7D-A786-32C988A07950}.Debug|Any CPU.ActiveCfg = Debug|Any CPU
		{34667191-786B-4D7D-A786-32C988A07950}.Debug|Any CPU.Build.0 = Debug|Any CPU
		{34667191-786B-4D7D-A786-32C988A07950}.Release|Any CPU.ActiveCfg = Release|Any CPU
		{34667191-786B-4D7D-A786-32C988A07950}.Release|Any CPU.Build.0 = Release|Any CPU
		{22EA8F8E-8EA4-40EB-83C8-0FE6210A93C7}.Debug|Any CPU.ActiveCfg = Debug|Any CPU
		{22EA8F8E-8EA4-40EB-83C8-0FE6210A93C7}.Debug|Any CPU.Build.0 = Debug|Any CPU
		{22EA8F8E-8EA4-40EB-83C8-0FE6210A93C7}.Release|Any CPU.ActiveCfg = Release|Any CPU
		{22EA8F8E-8EA4-40EB-83C8-0FE6210A93C7}.Release|Any CPU.Build.0 = Release|Any CPU
		{0435F432-D80A-46B2-86D4-C007CFB2AA9E}.Debug|Any CPU.ActiveCfg = Debug|Any CPU
		{0435F432-D80A-46B2-86D4-C007CFB2AA9E}.Debug|Any CPU.Build.0 = Debug|Any CPU
		{0435F432-D80A-46B2-86D4-C007CFB2AA9E}.Release|Any CPU.ActiveCfg = Release|Any CPU
		{0435F432-D80A-46B2-86D4-C007CFB2AA9E}.Release|Any CPU.Build.0 = Release|Any CPU
		{76776586-E770-404D-B10C-43114481BF63}.Debug|Any CPU.ActiveCfg = Debug|Any CPU
		{76776586-E770-404D-B10C-43114481BF63}.Debug|Any CPU.Build.0 = Debug|Any CPU
		{76776586-E770-404D-B10C-43114481BF63}.Release|Any CPU.ActiveCfg = Release|Any CPU
		{76776586-E770-404D-B10C-43114481BF63}.Release|Any CPU.Build.0 = Release|Any CPU
		{BC5663F4-C6A6-440E-94BD-E4922D96E8CF}.Debug|Any CPU.ActiveCfg = Debug|Any CPU
		{BC5663F4-C6A6-440E-94BD-E4922D96E8CF}.Debug|Any CPU.Build.0 = Debug|Any CPU
		{BC5663F4-C6A6-440E-94BD-E4922D96E8CF}.Release|Any CPU.ActiveCfg = Release|Any CPU
		{BC5663F4-C6A6-440E-94BD-E4922D96E8CF}.Release|Any CPU.Build.0 = Release|Any CPU
		{19814D03-E398-48ED-B78D-6C94AE1775E7}.Debug|Any CPU.ActiveCfg = Debug|Any CPU
		{19814D03-E398-48ED-B78D-6C94AE1775E7}.Debug|Any CPU.Build.0 = Debug|Any CPU
		{19814D03-E398-48ED-B78D-6C94AE1775E7}.Release|Any CPU.ActiveCfg = Release|Any CPU
		{19814D03-E398-48ED-B78D-6C94AE1775E7}.Release|Any CPU.Build.0 = Release|Any CPU
		{4519B05A-9DCC-4F30-BAC2-2112A87BB1D6}.Debug|Any CPU.ActiveCfg = Debug|Any CPU
		{4519B05A-9DCC-4F30-BAC2-2112A87BB1D6}.Debug|Any CPU.Build.0 = Debug|Any CPU
		{4519B05A-9DCC-4F30-BAC2-2112A87BB1D6}.Release|Any CPU.ActiveCfg = Release|Any CPU
		{4519B05A-9DCC-4F30-BAC2-2112A87BB1D6}.Release|Any CPU.Build.0 = Release|Any CPU
		{63AF8AEE-2B0A-400D-9887-E3BACF66044D}.Debug|Any CPU.ActiveCfg = Debug|Any CPU
		{63AF8AEE-2B0A-400D-9887-E3BACF66044D}.Debug|Any CPU.Build.0 = Debug|Any CPU
		{63AF8AEE-2B0A-400D-9887-E3BACF66044D}.Release|Any CPU.ActiveCfg = Release|Any CPU
		{63AF8AEE-2B0A-400D-9887-E3BACF66044D}.Release|Any CPU.Build.0 = Release|Any CPU
		{6216FB96-1E9B-43E3-96A3-00EDDB05A0CF}.Debug|Any CPU.ActiveCfg = Debug|Any CPU
		{6216FB96-1E9B-43E3-96A3-00EDDB05A0CF}.Debug|Any CPU.Build.0 = Debug|Any CPU
		{6216FB96-1E9B-43E3-96A3-00EDDB05A0CF}.Release|Any CPU.ActiveCfg = Release|Any CPU
		{6216FB96-1E9B-43E3-96A3-00EDDB05A0CF}.Release|Any CPU.Build.0 = Release|Any CPU
		{604CBA3A-1B2F-4291-863D-73BDC7682EFC}.Debug|Any CPU.ActiveCfg = Debug|Any CPU
		{604CBA3A-1B2F-4291-863D-73BDC7682EFC}.Debug|Any CPU.Build.0 = Debug|Any CPU
		{604CBA3A-1B2F-4291-863D-73BDC7682EFC}.Release|Any CPU.ActiveCfg = Release|Any CPU
		{604CBA3A-1B2F-4291-863D-73BDC7682EFC}.Release|Any CPU.Build.0 = Release|Any CPU
		{23F57B99-C6A4-48B1-98E7-2D365D507CC0}.Debug|Any CPU.ActiveCfg = Debug|Any CPU
		{23F57B99-C6A4-48B1-98E7-2D365D507CC0}.Debug|Any CPU.Build.0 = Debug|Any CPU
		{23F57B99-C6A4-48B1-98E7-2D365D507CC0}.Release|Any CPU.ActiveCfg = Release|Any CPU
		{23F57B99-C6A4-48B1-98E7-2D365D507CC0}.Release|Any CPU.Build.0 = Release|Any CPU
		{7EE11A19-3F1B-413A-89F0-10CFFDA73FD2}.Debug|Any CPU.ActiveCfg = Debug|Any CPU
		{7EE11A19-3F1B-413A-89F0-10CFFDA73FD2}.Debug|Any CPU.Build.0 = Debug|Any CPU
		{7EE11A19-3F1B-413A-89F0-10CFFDA73FD2}.Release|Any CPU.ActiveCfg = Release|Any CPU
		{7EE11A19-3F1B-413A-89F0-10CFFDA73FD2}.Release|Any CPU.Build.0 = Release|Any CPU
		{A308C00F-59FA-46CC-98AA-B04A7CC2E92E}.Debug|Any CPU.ActiveCfg = Debug|Any CPU
		{A308C00F-59FA-46CC-98AA-B04A7CC2E92E}.Debug|Any CPU.Build.0 = Debug|Any CPU
		{A308C00F-59FA-46CC-98AA-B04A7CC2E92E}.Release|Any CPU.ActiveCfg = Release|Any CPU
		{A308C00F-59FA-46CC-98AA-B04A7CC2E92E}.Release|Any CPU.Build.0 = Release|Any CPU
		{5D1D9F66-1187-41EB-BEC9-1A22E9628E34}.Debug|Any CPU.ActiveCfg = Debug|Any CPU
		{5D1D9F66-1187-41EB-BEC9-1A22E9628E34}.Debug|Any CPU.Build.0 = Debug|Any CPU
		{5D1D9F66-1187-41EB-BEC9-1A22E9628E34}.Release|Any CPU.ActiveCfg = Release|Any CPU
		{5D1D9F66-1187-41EB-BEC9-1A22E9628E34}.Release|Any CPU.Build.0 = Release|Any CPU
		{57720099-12D2-4490-8DC5-20E2E0BBF1E4}.Debug|Any CPU.ActiveCfg = Debug|Any CPU
		{57720099-12D2-4490-8DC5-20E2E0BBF1E4}.Debug|Any CPU.Build.0 = Debug|Any CPU
		{57720099-12D2-4490-8DC5-20E2E0BBF1E4}.Release|Any CPU.ActiveCfg = Release|Any CPU
		{57720099-12D2-4490-8DC5-20E2E0BBF1E4}.Release|Any CPU.Build.0 = Release|Any CPU
		{B2356D29-2CC4-47BB-8335-0A1EB651D7AD}.Debug|Any CPU.ActiveCfg = Debug|Any CPU
		{B2356D29-2CC4-47BB-8335-0A1EB651D7AD}.Debug|Any CPU.Build.0 = Debug|Any CPU
		{B2356D29-2CC4-47BB-8335-0A1EB651D7AD}.Release|Any CPU.ActiveCfg = Release|Any CPU
		{B2356D29-2CC4-47BB-8335-0A1EB651D7AD}.Release|Any CPU.Build.0 = Release|Any CPU
		{FDF5FB5C-17A7-4257-BE79-95D0B34F2F52}.Debug|Any CPU.ActiveCfg = Debug|Any CPU
		{FDF5FB5C-17A7-4257-BE79-95D0B34F2F52}.Debug|Any CPU.Build.0 = Debug|Any CPU
		{FDF5FB5C-17A7-4257-BE79-95D0B34F2F52}.Release|Any CPU.ActiveCfg = Release|Any CPU
		{FDF5FB5C-17A7-4257-BE79-95D0B34F2F52}.Release|Any CPU.Build.0 = Release|Any CPU
		{2C8D4AB4-0F71-4A19-89EA-82B310DDB338}.Debug|Any CPU.ActiveCfg = Debug|Any CPU
		{2C8D4AB4-0F71-4A19-89EA-82B310DDB338}.Debug|Any CPU.Build.0 = Debug|Any CPU
		{2C8D4AB4-0F71-4A19-89EA-82B310DDB338}.Release|Any CPU.ActiveCfg = Release|Any CPU
		{2C8D4AB4-0F71-4A19-89EA-82B310DDB338}.Release|Any CPU.Build.0 = Release|Any CPU
		{72DDA514-50C0-45CF-A2C0-223896F4EF5B}.Debug|Any CPU.ActiveCfg = Debug|Any CPU
		{72DDA514-50C0-45CF-A2C0-223896F4EF5B}.Debug|Any CPU.Build.0 = Debug|Any CPU
		{72DDA514-50C0-45CF-A2C0-223896F4EF5B}.Release|Any CPU.ActiveCfg = Release|Any CPU
		{72DDA514-50C0-45CF-A2C0-223896F4EF5B}.Release|Any CPU.Build.0 = Release|Any CPU
	EndGlobalSection
	GlobalSection(SolutionProperties) = preSolution
		HideSolutionNode = FALSE
	EndGlobalSection
	GlobalSection(ExtensibilityGlobals) = postSolution
		SolutionGuid = {4D0447EB-F2C0-47D1-B03D-B16A61752FC5}
	EndGlobalSection
EndGlobal
