<?xml version="1.0" encoding="utf-8"?>
<Project ToolsVersion="4.0" xmlns="http://schemas.microsoft.com/developer/msbuild/2003">
  <ItemGroup>
    <ClCompile Include="..\opendds\src\gmsec_opendds.cpp">
      <Filter>Source Files</Filter>
    </ClCompile>
    <ClCompile Include="..\opendds\src\OpenDDSConnection.cpp">
      <Filter>Source Files</Filter>
    </ClCompile>
    <ClCompile Include="..\opendds\src\OpenDDSMessageListener.cpp">
      <Filter>Source Files</Filter>
    </ClCompile>
    <ClCompile Include="..\opendds\src\Queue.cpp">
      <Filter>Source Files</Filter>
    </ClCompile>
    <ClCompile Include="..\opendds\src\OpenDDSMessageC.cpp">
      <Filter>Source Files</Filter>
    </ClCompile>
    <ClCompile Include="..\opendds\src\OpenDDSMessageS.cpp">
      <Filter>Source Files</Filter>
    </ClCompile>
    <ClCompile Include="..\opendds\src\OpenDDSMessageTypeSupportC.cpp">
      <Filter>Source Files</Filter>
    </ClCompile>
    <ClCompile Include="..\opendds\src\OpenDDSMessageTypeSupportImpl.cpp">
      <Filter>Source Files</Filter>
    </ClCompile>
    <ClCompile Include="..\opendds\src\OpenDDSMessageTypeSupportS.cpp">
      <Filter>Source Files</Filter>
    </ClCompile>
  </ItemGroup>
  <ItemGroup>
    <ClInclude Include="..\opendds\include\gmsec_opendds.h">
      <Filter>Header Files</Filter>
    </ClInclude>
    <ClInclude Include="..\opendds\include\OpenDDSConnection.h">
      <Filter>Header Files</Filter>
    </ClInclude>
    <ClInclude Include="..\opendds\include\OpenDDSMessageListener.h">
      <Filter>Header Files</Filter>
    </ClInclude>
    <ClInclude Include="..\opendds\include\Queue.h">
      <Filter>Header Files</Filter>
    </ClInclude>
  </ItemGroup>
  <ItemGroup>
    <CustomBuild Include="README.txt" />
  </ItemGroup>
  <ItemGroup>
    <None Include="..\opendds\opendds.mpc" />
  </ItemGroup>
  <ItemGroup>
    <Filter Include="Header Files">
      <UniqueIdentifier>{60c7eb1e-0fb3-4895-8ffe-c7f8c5ce8e2d}</UniqueIdentifier>
    </Filter>
    <Filter Include="Source Files">
      <UniqueIdentifier>{828ad636-5f20-4d94-9226-a20940156c4f}</UniqueIdentifier>
    </Filter>
  </ItemGroup>
</Project>