<?xml version="1.0" encoding="utf-8"?>
<Project ToolsVersion="4.0" xmlns="http://schemas.microsoft.com/developer/msbuild/2003">
  <ItemGroup>
    <ClCompile Include="src\gmsec_mb.cpp">
      <Filter>Source Files</Filter>
    </ClCompile>
    <ClCompile Include="src\MBConnection.cpp">
      <Filter>Source Files</Filter>
    </ClCompile>
    <ClCompile Include="src\MBReaderThread.cpp">
      <Filter>Source Files</Filter>
    </ClCompile>
    <ClCompile Include="src\MBWire.cpp">
      <Filter>Source Files</Filter>
    </ClCompile>
    <ClCompile Include="src\TCPSocket.cpp">
      <Filter>Source Files</Filter>
    </ClCompile>
    <ClCompile Include="src\TCPSocketClient.cpp">
      <Filter>Source Files</Filter>
    </ClCompile>
    <ClCompile Include="src\TCPSocketClientArray.cpp">
      <Filter>Source Files</Filter>
    </ClCompile>
    <ClCompile Include="src\TCPSocketClientReconnector.cpp">
      <Filter>Source Files</Filter>
    </ClCompile>
  </ItemGroup>
  <ItemGroup>
    <ClInclude Include="include\gmsec_mb.h">
      <Filter>Header Files</Filter>
    </ClInclude>
    <ClInclude Include="include\MBConnection.h">
      <Filter>Header Files</Filter>
    </ClInclude>
    <ClInclude Include="include\MBReaderThread.h">
      <Filter>Header Files</Filter>
    </ClInclude>
    <ClInclude Include="include\MBWire.h">
      <Filter>Header Files</Filter>
    </ClInclude>
    <ClInclude Include="include\TCPSocket.h">
      <Filter>Header Files</Filter>
    </ClInclude>
    <ClInclude Include="include\TCPSocketClient.h">
      <Filter>Header Files</Filter>
    </ClInclude>
    <ClInclude Include="include\TCPSocketClientArray.h">
      <Filter>Header Files</Filter>
    </ClInclude>
    <ClInclude Include="include\TCPSocketClientReconnector.h">
      <Filter>Header Files</Filter>
    </ClInclude>
  </ItemGroup>
  <ItemGroup>
    <Filter Include="Header Files">
      <UniqueIdentifier>{5254f739-2c3d-4c8f-a979-b3d788e2b177}</UniqueIdentifier>
    </Filter>
    <Filter Include="Source Files">
      <UniqueIdentifier>{1f3003ab-45d6-443a-ac4e-815a614cd647}</UniqueIdentifier>
    </Filter>
  </ItemGroup>
</Project>